{
  "originHash" : "c6b77480cfcc9ddedd38e84a9578234b8ad256f334d0ac4a47a332d4416464c6",
  "pins" : [
    {
      "identity" : "aexml",
      "kind" : "remoteSourceControl",
      "location" : "https://github.com/tadija/AEXML.git",
      "state" : {
        "revision" : "db806756c989760b35108146381535aec231092b",
        "version" : "4.7.0"
      }
    }
  ],
  "version" : 3
}
