// !$*UTF8*$!
{
	archiveVersion = 1;
	classes = {
	};
	objectVersion = 56;
	objects = {

/* Begin PBXBuildFile section */
		D03A268329EEB6C9005B0600 /* Haltestellenmonitor1_DDApp.swift in Sources */ = {isa = PBXBuildFile; fileRef = D03A268229EEB6C9005B0600 /* Haltestellenmonitor1_DDApp.swift */; };
		D03A268529EEB6C9005B0600 /* ContentView.swift in Sources */ = {isa = PBXBuildFile; fileRef = D03A268429EEB6C9005B0600 /* ContentView.swift */; };
		D03A268729EEB6C9005B0600 /* Assets.xcassets in Resources */ = {isa = PBXBuildFile; fileRef = D03A268629EEB6C9005B0600 /* Assets.xcassets */; };
		D03A268A29EEB6C9005B0600 /* Preview Assets.xcassets in Resources */ = {isa = PBXBuildFile; fileRef = D03A268929EEB6C9005B0600 /* Preview Assets.xcassets */; };
		D03A269229EEB93E005B0600 /* stops.json in Resources */ = {isa = PBXBuildFile; fileRef = D03A269129EEB93E005B0600 /* stops.json */; };
		D03A269629EEB9A7005B0600 /* StopRow.swift in Sources */ = {isa = PBXBuildFile; fileRef = D03A269529EEB9A7005B0600 /* StopRow.swift */; };
		D03A269929EEBA9B005B0600 /* Stop.swift in Sources */ = {isa = PBXBuildFile; fileRef = D03A269829EEBA9B005B0600 /* Stop.swift */; };
		D03A269C29EEBB3C005B0600 /* StopData.swift in Sources */ = {isa = PBXBuildFile; fileRef = D03A269B29EEBB3C005B0600 /* StopData.swift */; };
		D03A269E29EEBC3F005B0600 /* StopsView.swift in Sources */ = {isa = PBXBuildFile; fileRef = D03A269D29EEBC3F005B0600 /* StopsView.swift */; };
		D03A26A029EEC248005B0600 /* DepartureRow.swift in Sources */ = {isa = PBXBuildFile; fileRef = D03A269F29EEC248005B0600 /* DepartureRow.swift */; };
		D03A26A229EEC2A2005B0600 /* departure.json in Resources */ = {isa = PBXBuildFile; fileRef = D03A26A129EEC2A2005B0600 /* departure.json */; };
		D040EC1729EECA20002DFEBF /* DepartureMonitor.swift in Sources */ = {isa = PBXBuildFile; fileRef = D040EC1629EECA20002DFEBF /* DepartureMonitor.swift */; };
		D040EC1929EECA9A002DFEBF /* DepartureStatus.swift in Sources */ = {isa = PBXBuildFile; fileRef = D040EC1829EECA9A002DFEBF /* DepartureStatus.swift */; };
		D040EC1B29EECAF2002DFEBF /* Departure.swift in Sources */ = {isa = PBXBuildFile; fileRef = D040EC1A29EECAF2002DFEBF /* Departure.swift */; };
		D040EC1D29EECB20002DFEBF /* DeparturePlatform.swift in Sources */ = {isa = PBXBuildFile; fileRef = D040EC1C29EECB20002DFEBF /* DeparturePlatform.swift */; };
		D040EC1F29EECDFB002DFEBF /* DepartureRequest.swift in Sources */ = {isa = PBXBuildFile; fileRef = D040EC1E29EECDFB002DFEBF /* DepartureRequest.swift */; };
		D040EC2229EED774002DFEBF /* DateParser.swift in Sources */ = {isa = PBXBuildFile; fileRef = D040EC2129EED774002DFEBF /* DateParser.swift */; };
		D040EC2429EEDE3C002DFEBF /* DepartureView.swift in Sources */ = {isa = PBXBuildFile; fileRef = D040EC2329EEDE3C002DFEBF /* DepartureView.swift */; };
		D040EC2729EEEB85002DFEBF /* LocationManager.swift in Sources */ = {isa = PBXBuildFile; fileRef = D040EC2629EEEB85002DFEBF /* LocationManager.swift */; };
		D040EC2B29EEFA3E002DFEBF /* FavoriteStop.swift in Sources */ = {isa = PBXBuildFile; fileRef = D040EC2A29EEFA3E002DFEBF /* FavoriteStop.swift */; };
		D040EC2E29EF0371002DFEBF /* StopManager.swift in Sources */ = {isa = PBXBuildFile; fileRef = D040EC2D29EF0371002DFEBF /* StopManager.swift */; };
		D0BD668429EFE0AA004E574C /* WidgetKit.framework in Frameworks */ = {isa = PBXBuildFile; fileRef = D0BD664929EFDD50004E574C /* WidgetKit.framework */; };
		D0BD668529EFE0AA004E574C /* SwiftUI.framework in Frameworks */ = {isa = PBXBuildFile; fileRef = D0BD664B29EFDD50004E574C /* SwiftUI.framework */; };
		D0BD668829EFE0AA004E574C /* MonitorWidgetBundle.swift in Sources */ = {isa = PBXBuildFile; fileRef = D0BD668729EFE0AA004E574C /* MonitorWidgetBundle.swift */; };
		D0BD668A29EFE0AA004E574C /* MonitorWidgetLiveActivity.swift in Sources */ = {isa = PBXBuildFile; fileRef = D0BD668929EFE0AA004E574C /* MonitorWidgetLiveActivity.swift */; };
		D0BD668C29EFE0AA004E574C /* MonitorWidget.swift in Sources */ = {isa = PBXBuildFile; fileRef = D0BD668B29EFE0AA004E574C /* MonitorWidget.swift */; };
		D0BD668F29EFE0AB004E574C /* Assets.xcassets in Resources */ = {isa = PBXBuildFile; fileRef = D0BD668E29EFE0AB004E574C /* Assets.xcassets */; };
		D0BD669529EFE0AB004E574C /* MonitorWidgetExtension.appex in Embed Foundation Extensions */ = {isa = PBXBuildFile; fileRef = D0BD668329EFE0AA004E574C /* MonitorWidgetExtension.appex */; settings = {ATTRIBUTES = (RemoveHeadersOnCopy, ); }; };
		D0BD669B29EFE18C004E574C /* MonitorWidgetEntryView.swift in Sources */ = {isa = PBXBuildFile; fileRef = D0BD669A29EFE18C004E574C /* MonitorWidgetEntryView.swift */; };
		D0BD669C29EFE9F9004E574C /* stops.json in Resources */ = {isa = PBXBuildFile; fileRef = D03A269129EEB93E005B0600 /* stops.json */; };
		D0BD669D29EFEA00004E574C /* StopData.swift in Sources */ = {isa = PBXBuildFile; fileRef = D03A269B29EEBB3C005B0600 /* StopData.swift */; };
		D0BD669E29EFEA03004E574C /* Stop.swift in Sources */ = {isa = PBXBuildFile; fileRef = D03A269829EEBA9B005B0600 /* Stop.swift */; };
		D0BD669F29EFEA06004E574C /* departure.json in Resources */ = {isa = PBXBuildFile; fileRef = D03A26A129EEC2A2005B0600 /* departure.json */; };
		D0BD66A029EFEA0A004E574C /* DepartureMonitor.swift in Sources */ = {isa = PBXBuildFile; fileRef = D040EC1629EECA20002DFEBF /* DepartureMonitor.swift */; };
		D0BD66A129EFEA0D004E574C /* DepartureStatus.swift in Sources */ = {isa = PBXBuildFile; fileRef = D040EC1829EECA9A002DFEBF /* DepartureStatus.swift */; };
		D0BD66A229EFEA0F004E574C /* Departure.swift in Sources */ = {isa = PBXBuildFile; fileRef = D040EC1A29EECAF2002DFEBF /* Departure.swift */; };
		D0BD66A329EFEA12004E574C /* DeparturePlatform.swift in Sources */ = {isa = PBXBuildFile; fileRef = D040EC1C29EECB20002DFEBF /* DeparturePlatform.swift */; };
		D0BD66A429EFEA14004E574C /* DepartureRequest.swift in Sources */ = {isa = PBXBuildFile; fileRef = D040EC1E29EECDFB002DFEBF /* DepartureRequest.swift */; };
		D0BD66AB29EFECF1004E574C /* Intents.framework in Frameworks */ = {isa = PBXBuildFile; fileRef = D0BD66AA29EFECF1004E574C /* Intents.framework */; };
		D0BD66AE29EFECF1004E574C /* IntentHandler.swift in Sources */ = {isa = PBXBuildFile; fileRef = D0BD66AD29EFECF1004E574C /* IntentHandler.swift */; };
		D0BD66B229EFECF1004E574C /* MonitorIntents.appex in Embed Foundation Extensions */ = {isa = PBXBuildFile; fileRef = D0BD66A929EFECF1004E574C /* MonitorIntents.appex */; settings = {ATTRIBUTES = (RemoveHeadersOnCopy, ); }; };
		D0BD66B629EFECF8004E574C /* IntentHandler.swift in Sources */ = {isa = PBXBuildFile; fileRef = D0BD66AD29EFECF1004E574C /* IntentHandler.swift */; };
		D0BD66B829EFEEB9004E574C /* stops.json in Resources */ = {isa = PBXBuildFile; fileRef = D03A269129EEB93E005B0600 /* stops.json */; };
		D0BD66B929EFEEC0004E574C /* StopData.swift in Sources */ = {isa = PBXBuildFile; fileRef = D03A269B29EEBB3C005B0600 /* StopData.swift */; };
		D0BD66BA29EFEEC2004E574C /* Stop.swift in Sources */ = {isa = PBXBuildFile; fileRef = D03A269829EEBA9B005B0600 /* Stop.swift */; };
		D0BD66BB29EFEED8004E574C /* DepartureMonitor.swift in Sources */ = {isa = PBXBuildFile; fileRef = D040EC1629EECA20002DFEBF /* DepartureMonitor.swift */; };
		D0BD66BC29EFEEDB004E574C /* DepartureStatus.swift in Sources */ = {isa = PBXBuildFile; fileRef = D040EC1829EECA9A002DFEBF /* DepartureStatus.swift */; };
		D0BD66BD29EFEEDD004E574C /* Departure.swift in Sources */ = {isa = PBXBuildFile; fileRef = D040EC1A29EECAF2002DFEBF /* Departure.swift */; };
		D0BD66BE29EFEEDF004E574C /* DeparturePlatform.swift in Sources */ = {isa = PBXBuildFile; fileRef = D040EC1C29EECB20002DFEBF /* DeparturePlatform.swift */; };
		D0BD66BF29EFEEE1004E574C /* DepartureRequest.swift in Sources */ = {isa = PBXBuildFile; fileRef = D040EC1E29EECDFB002DFEBF /* DepartureRequest.swift */; };
		D0BD66C129EFEF0D004E574C /* DateParser.swift in Sources */ = {isa = PBXBuildFile; fileRef = D040EC2129EED774002DFEBF /* DateParser.swift */; };
		D0BD66C229EFEF0F004E574C /* DateParser.swift in Sources */ = {isa = PBXBuildFile; fileRef = D040EC2129EED774002DFEBF /* DateParser.swift */; };
		D0BD66CA29EFF64D004E574C /* MonitorEntry.swift in Sources */ = {isa = PBXBuildFile; fileRef = D0BD66C929EFF64D004E574C /* MonitorEntry.swift */; };
		D0BD66CE29EFFAFF004E574C /* MonitorWidgetRow.swift in Sources */ = {isa = PBXBuildFile; fileRef = D0BD66CD29EFFAFF004E574C /* MonitorWidgetRow.swift */; };
		D0BD66CF29EFFFC4004E574C /* FavoriteStop.swift in Sources */ = {isa = PBXBuildFile; fileRef = D040EC2A29EEFA3E002DFEBF /* FavoriteStop.swift */; };
		D0BD66D029EFFFC5004E574C /* FavoriteStop.swift in Sources */ = {isa = PBXBuildFile; fileRef = D040EC2A29EEFA3E002DFEBF /* FavoriteStop.swift */; };
		D0BD66D229F01B99004E574C /* ConnectionView.swift in Sources */ = {isa = PBXBuildFile; fileRef = D0BD66D129F01B99004E574C /* ConnectionView.swift */; };
		D0BD66D429F02576004E574C /* ConnectionFilter.swift in Sources */ = {isa = PBXBuildFile; fileRef = D0BD66D329F02576004E574C /* ConnectionFilter.swift */; };
		D0BD66D629F026D7004E574C /* ConnectionStopSelectionView.swift in Sources */ = {isa = PBXBuildFile; fileRef = D0BD66D529F026D7004E574C /* ConnectionStopSelectionView.swift */; };
		D0BD66D829F02C39004E574C /* TripRequest.swift in Sources */ = {isa = PBXBuildFile; fileRef = D0BD66D729F02C39004E574C /* TripRequest.swift */; };
		D0BD66DA29F03056004E574C /* Trip.swift in Sources */ = {isa = PBXBuildFile; fileRef = D0BD66D929F03056004E574C /* Trip.swift */; };
		D0BD66DC29F030BD004E574C /* Route.swift in Sources */ = {isa = PBXBuildFile; fileRef = D0BD66DB29F030BD004E574C /* Route.swift */; };
		D0BD66DE29F03446004E574C /* PartialRoute.swift in Sources */ = {isa = PBXBuildFile; fileRef = D0BD66DD29F03446004E574C /* PartialRoute.swift */; };
		D0BD66E029F034AC004E574C /* RegularStop.swift in Sources */ = {isa = PBXBuildFile; fileRef = D0BD66DF29F034AC004E574C /* RegularStop.swift */; };
		D0BD66E229F03949004E574C /* Mot.swift in Sources */ = {isa = PBXBuildFile; fileRef = D0BD66E129F03949004E574C /* Mot.swift */; };
		D0BD66E429F03BE6004E574C /* trip.json in Resources */ = {isa = PBXBuildFile; fileRef = D0BD66E329F03BE5004E574C /* trip.json */; };
		D0BD66E529F03BE9004E574C /* trip.json in Resources */ = {isa = PBXBuildFile; fileRef = D0BD66E329F03BE5004E574C /* trip.json */; };
		D0BD66E629F03BEA004E574C /* trip.json in Resources */ = {isa = PBXBuildFile; fileRef = D0BD66E329F03BE5004E574C /* trip.json */; };
		D0BD66E729F03C01004E574C /* ConnectionFilter.swift in Sources */ = {isa = PBXBuildFile; fileRef = D0BD66D329F02576004E574C /* ConnectionFilter.swift */; };
		D0BD66E829F03C01004E574C /* ConnectionFilter.swift in Sources */ = {isa = PBXBuildFile; fileRef = D0BD66D329F02576004E574C /* ConnectionFilter.swift */; };
		D0BD66E929F03C04004E574C /* TripRequest.swift in Sources */ = {isa = PBXBuildFile; fileRef = D0BD66D729F02C39004E574C /* TripRequest.swift */; };
		D0BD66EA29F03C04004E574C /* TripRequest.swift in Sources */ = {isa = PBXBuildFile; fileRef = D0BD66D729F02C39004E574C /* TripRequest.swift */; };
		D0BD66EB29F03C06004E574C /* Trip.swift in Sources */ = {isa = PBXBuildFile; fileRef = D0BD66D929F03056004E574C /* Trip.swift */; };
		D0BD66EC29F03C07004E574C /* Trip.swift in Sources */ = {isa = PBXBuildFile; fileRef = D0BD66D929F03056004E574C /* Trip.swift */; };
		D0BD66ED29F03C0A004E574C /* Route.swift in Sources */ = {isa = PBXBuildFile; fileRef = D0BD66DB29F030BD004E574C /* Route.swift */; };
		D0BD66EE29F03C0A004E574C /* Route.swift in Sources */ = {isa = PBXBuildFile; fileRef = D0BD66DB29F030BD004E574C /* Route.swift */; };
		D0BD66EF29F03C0D004E574C /* PartialRoute.swift in Sources */ = {isa = PBXBuildFile; fileRef = D0BD66DD29F03446004E574C /* PartialRoute.swift */; };
		D0BD66F029F03C0D004E574C /* PartialRoute.swift in Sources */ = {isa = PBXBuildFile; fileRef = D0BD66DD29F03446004E574C /* PartialRoute.swift */; };
		D0BD66F129F03C11004E574C /* RegularStop.swift in Sources */ = {isa = PBXBuildFile; fileRef = D0BD66DF29F034AC004E574C /* RegularStop.swift */; };
		D0BD66F229F03C12004E574C /* RegularStop.swift in Sources */ = {isa = PBXBuildFile; fileRef = D0BD66DF29F034AC004E574C /* RegularStop.swift */; };
		D0BD66F329F03C14004E574C /* Mot.swift in Sources */ = {isa = PBXBuildFile; fileRef = D0BD66E129F03949004E574C /* Mot.swift */; };
		D0BD66F429F03C15004E574C /* Mot.swift in Sources */ = {isa = PBXBuildFile; fileRef = D0BD66E129F03949004E574C /* Mot.swift */; };
		D0BD66F729F03ED2004E574C /* TripSection.swift in Sources */ = {isa = PBXBuildFile; fileRef = D0BD66F629F03ED2004E574C /* TripSection.swift */; };
		D0BD66FA29F04593004E574C /* PartialRouteRow.swift in Sources */ = {isa = PBXBuildFile; fileRef = D0BD66F929F04593004E574C /* PartialRouteRow.swift */; };
		D0BD66FB29F04D28004E574C /* MonitorWidget.intentdefinition in Sources */ = {isa = PBXBuildFile; fileRef = D0BD66FF29F04D28004E574C /* MonitorWidget.intentdefinition */; };
		D0BD66FC29F04D28004E574C /* MonitorWidget.intentdefinition in Sources */ = {isa = PBXBuildFile; fileRef = D0BD66FF29F04D28004E574C /* MonitorWidget.intentdefinition */; };
		D0BD66FD29F04D28004E574C /* MonitorWidget.intentdefinition in Sources */ = {isa = PBXBuildFile; fileRef = D0BD66FF29F04D28004E574C /* MonitorWidget.intentdefinition */; };
		D0C1ECB029F28014001D214D /* singleTrip.json in Resources */ = {isa = PBXBuildFile; fileRef = D0C1ECAF29F28014001D214D /* singleTrip.json */; };
		D0C1ECB129F28014001D214D /* singleTrip.json in Resources */ = {isa = PBXBuildFile; fileRef = D0C1ECAF29F28014001D214D /* singleTrip.json */; };
		D0C1ECB229F28014001D214D /* singleTrip.json in Resources */ = {isa = PBXBuildFile; fileRef = D0C1ECAF29F28014001D214D /* singleTrip.json */; };
		D0C1ECB429F28032001D214D /* TripStop.swift in Sources */ = {isa = PBXBuildFile; fileRef = D0C1ECB329F28032001D214D /* TripStop.swift */; };
		D0C1ECB529F28032001D214D /* TripStop.swift in Sources */ = {isa = PBXBuildFile; fileRef = D0C1ECB329F28032001D214D /* TripStop.swift */; };
		D0C1ECB629F28032001D214D /* TripStop.swift in Sources */ = {isa = PBXBuildFile; fileRef = D0C1ECB329F28032001D214D /* TripStop.swift */; };
		D0C1ECB829F28135001D214D /* SingleTrip.swift in Sources */ = {isa = PBXBuildFile; fileRef = D0C1ECB729F28135001D214D /* SingleTrip.swift */; };
		D0C1ECB929F28135001D214D /* SingleTrip.swift in Sources */ = {isa = PBXBuildFile; fileRef = D0C1ECB729F28135001D214D /* SingleTrip.swift */; };
		D0C1ECBA29F28135001D214D /* SingleTrip.swift in Sources */ = {isa = PBXBuildFile; fileRef = D0C1ECB729F28135001D214D /* SingleTrip.swift */; };
		D0C1ECBC29F2823E001D214D /* SingleTripView.swift in Sources */ = {isa = PBXBuildFile; fileRef = D0C1ECBB29F2823E001D214D /* SingleTripView.swift */; };
		D0C1ECC029F283DE001D214D /* SingleTripRow.swift in Sources */ = {isa = PBXBuildFile; fileRef = D0C1ECBF29F283DE001D214D /* SingleTripRow.swift */; };
		D0C1ECC429F288D3001D214D /* SingleTripRequest.swift in Sources */ = {isa = PBXBuildFile; fileRef = D0C1ECC329F288D3001D214D /* SingleTripRequest.swift */; };
		D0C1ECC529F288D3001D214D /* SingleTripRequest.swift in Sources */ = {isa = PBXBuildFile; fileRef = D0C1ECC329F288D3001D214D /* SingleTripRequest.swift */; };
		D0C1ECC629F288D3001D214D /* SingleTripRequest.swift in Sources */ = {isa = PBXBuildFile; fileRef = D0C1ECC329F288D3001D214D /* SingleTripRequest.swift */; };
		D0C1ECC829F28C2F001D214D /* TripAttributes.swift in Sources */ = {isa = PBXBuildFile; fileRef = D0C1ECC729F28C2F001D214D /* TripAttributes.swift */; };
		D0C1ECC929F28C2F001D214D /* TripAttributes.swift in Sources */ = {isa = PBXBuildFile; fileRef = D0C1ECC729F28C2F001D214D /* TripAttributes.swift */; };
		D0C1ECCA29F28C2F001D214D /* TripAttributes.swift in Sources */ = {isa = PBXBuildFile; fileRef = D0C1ECC729F28C2F001D214D /* TripAttributes.swift */; };
		D0C1ECCC29F2B165001D214D /* ActivityRequest.swift in Sources */ = {isa = PBXBuildFile; fileRef = D0C1ECCB29F2B165001D214D /* ActivityRequest.swift */; };
		D0C1ECCD29F2B165001D214D /* ActivityRequest.swift in Sources */ = {isa = PBXBuildFile; fileRef = D0C1ECCB29F2B165001D214D /* ActivityRequest.swift */; };
		D0C1ECCE29F2B165001D214D /* ActivityRequest.swift in Sources */ = {isa = PBXBuildFile; fileRef = D0C1ECCB29F2B165001D214D /* ActivityRequest.swift */; };
		D0C1ECD029F2B6C0001D214D /* PushTokenHistory.swift in Sources */ = {isa = PBXBuildFile; fileRef = D0C1ECCF29F2B6C0001D214D /* PushTokenHistory.swift */; };
		D0C1ECD129F2B6C0001D214D /* PushTokenHistory.swift in Sources */ = {isa = PBXBuildFile; fileRef = D0C1ECCF29F2B6C0001D214D /* PushTokenHistory.swift */; };
		D0C1ECD229F2B6C0001D214D /* PushTokenHistory.swift in Sources */ = {isa = PBXBuildFile; fileRef = D0C1ECCF29F2B6C0001D214D /* PushTokenHistory.swift */; };
		D0C1ECD429F2EF9B001D214D /* DepartureFilter.swift in Sources */ = {isa = PBXBuildFile; fileRef = D0C1ECD329F2EF9B001D214D /* DepartureFilter.swift */; };
		D0C1ECD529F2EF9B001D214D /* DepartureFilter.swift in Sources */ = {isa = PBXBuildFile; fileRef = D0C1ECD329F2EF9B001D214D /* DepartureFilter.swift */; };
		D0C1ECD629F2EF9B001D214D /* DepartureFilter.swift in Sources */ = {isa = PBXBuildFile; fileRef = D0C1ECD329F2EF9B001D214D /* DepartureFilter.swift */; };
		D0C1ECD829F2F071001D214D /* DepartureDisclosureSection.swift in Sources */ = {isa = PBXBuildFile; fileRef = D0C1ECD729F2F071001D214D /* DepartureDisclosureSection.swift */; };
		D0C1ECDA29F2FA50001D214D /* TripStandardSettings.swift in Sources */ = {isa = PBXBuildFile; fileRef = D0C1ECD929F2FA50001D214D /* TripStandardSettings.swift */; };
		D0C1ECDB29F2FB3C001D214D /* TripStandardSettings.swift in Sources */ = {isa = PBXBuildFile; fileRef = D0C1ECD929F2FA50001D214D /* TripStandardSettings.swift */; };
		D0C1ECDC29F2FB3C001D214D /* TripStandardSettings.swift in Sources */ = {isa = PBXBuildFile; fileRef = D0C1ECD929F2FA50001D214D /* TripStandardSettings.swift */; };
		D0C1ECDE29F3008B001D214D /* RegularStopRow.swift in Sources */ = {isa = PBXBuildFile; fileRef = D0C1ECDD29F3008B001D214D /* RegularStopRow.swift */; };
		D0C1ECE029F325CC001D214D /* MapView.swift in Sources */ = {isa = PBXBuildFile; fileRef = D0C1ECDF29F325CC001D214D /* MapView.swift */; };
		D0C1ECE429F333F9001D214D /* ActivityKit.framework in Frameworks */ = {isa = PBXBuildFile; fileRef = D0C1ECE329F333F9001D214D /* ActivityKit.framework */; settings = {ATTRIBUTES = (Weak, ); }; };
/* End PBXBuildFile section */

/* Begin PBXContainerItemProxy section */
		D0BD669329EFE0AB004E574C /* PBXContainerItemProxy */ = {
			isa = PBXContainerItemProxy;
			containerPortal = D03A267729EEB6C9005B0600 /* Project object */;
			proxyType = 1;
			remoteGlobalIDString = D0BD668229EFE0AA004E574C;
			remoteInfo = MonitorWidgetExtension;
		};
		D0BD66B029EFECF1004E574C /* PBXContainerItemProxy */ = {
			isa = PBXContainerItemProxy;
			containerPortal = D03A267729EEB6C9005B0600 /* Project object */;
			proxyType = 1;
			remoteGlobalIDString = D0BD66A829EFECF1004E574C;
			remoteInfo = MonitorIntents;
		};
/* End PBXContainerItemProxy section */

/* Begin PBXCopyFilesBuildPhase section */
		D0BD665D29EFDD51004E574C /* Embed Foundation Extensions */ = {
			isa = PBXCopyFilesBuildPhase;
			buildActionMask = 2147483647;
			dstPath = "";
			dstSubfolderSpec = 13;
			files = (
				D0BD669529EFE0AB004E574C /* MonitorWidgetExtension.appex in Embed Foundation Extensions */,
				D0BD66B229EFECF1004E574C /* MonitorIntents.appex in Embed Foundation Extensions */,
			);
			name = "Embed Foundation Extensions";
			runOnlyForDeploymentPostprocessing = 0;
		};
/* End PBXCopyFilesBuildPhase section */

/* Begin PBXFileReference section */
		D03A267F29EEB6C9005B0600 /* Haltestellenmonitor1-DD.app */ = {isa = PBXFileReference; explicitFileType = wrapper.application; includeInIndex = 0; path = "Haltestellenmonitor1-DD.app"; sourceTree = BUILT_PRODUCTS_DIR; };
		D03A268229EEB6C9005B0600 /* Haltestellenmonitor1_DDApp.swift */ = {isa = PBXFileReference; lastKnownFileType = sourcecode.swift; path = Haltestellenmonitor1_DDApp.swift; sourceTree = "<group>"; };
		D03A268429EEB6C9005B0600 /* ContentView.swift */ = {isa = PBXFileReference; lastKnownFileType = sourcecode.swift; path = ContentView.swift; sourceTree = "<group>"; };
		D03A268629EEB6C9005B0600 /* Assets.xcassets */ = {isa = PBXFileReference; lastKnownFileType = folder.assetcatalog; path = Assets.xcassets; sourceTree = "<group>"; };
		D03A268929EEB6C9005B0600 /* Preview Assets.xcassets */ = {isa = PBXFileReference; lastKnownFileType = folder.assetcatalog; path = "Preview Assets.xcassets"; sourceTree = "<group>"; };
		D03A269129EEB93E005B0600 /* stops.json */ = {isa = PBXFileReference; fileEncoding = 4; lastKnownFileType = text.json; path = stops.json; sourceTree = "<group>"; };
		D03A269529EEB9A7005B0600 /* StopRow.swift */ = {isa = PBXFileReference; lastKnownFileType = sourcecode.swift; path = StopRow.swift; sourceTree = "<group>"; };
		D03A269829EEBA9B005B0600 /* Stop.swift */ = {isa = PBXFileReference; lastKnownFileType = sourcecode.swift; path = Stop.swift; sourceTree = "<group>"; };
		D03A269B29EEBB3C005B0600 /* StopData.swift */ = {isa = PBXFileReference; lastKnownFileType = sourcecode.swift; path = StopData.swift; sourceTree = "<group>"; };
		D03A269D29EEBC3F005B0600 /* StopsView.swift */ = {isa = PBXFileReference; lastKnownFileType = sourcecode.swift; path = StopsView.swift; sourceTree = "<group>"; };
		D03A269F29EEC248005B0600 /* DepartureRow.swift */ = {isa = PBXFileReference; lastKnownFileType = sourcecode.swift; path = DepartureRow.swift; sourceTree = "<group>"; };
		D03A26A129EEC2A2005B0600 /* departure.json */ = {isa = PBXFileReference; fileEncoding = 4; lastKnownFileType = text.json; path = departure.json; sourceTree = "<group>"; };
		D040EC1629EECA20002DFEBF /* DepartureMonitor.swift */ = {isa = PBXFileReference; lastKnownFileType = sourcecode.swift; path = DepartureMonitor.swift; sourceTree = "<group>"; };
		D040EC1829EECA9A002DFEBF /* DepartureStatus.swift */ = {isa = PBXFileReference; lastKnownFileType = sourcecode.swift; path = DepartureStatus.swift; sourceTree = "<group>"; };
		D040EC1A29EECAF2002DFEBF /* Departure.swift */ = {isa = PBXFileReference; lastKnownFileType = sourcecode.swift; path = Departure.swift; sourceTree = "<group>"; };
		D040EC1C29EECB20002DFEBF /* DeparturePlatform.swift */ = {isa = PBXFileReference; lastKnownFileType = sourcecode.swift; path = DeparturePlatform.swift; sourceTree = "<group>"; };
		D040EC1E29EECDFB002DFEBF /* DepartureRequest.swift */ = {isa = PBXFileReference; lastKnownFileType = sourcecode.swift; path = DepartureRequest.swift; sourceTree = "<group>"; };
		D040EC2129EED774002DFEBF /* DateParser.swift */ = {isa = PBXFileReference; lastKnownFileType = sourcecode.swift; path = DateParser.swift; sourceTree = "<group>"; };
		D040EC2329EEDE3C002DFEBF /* DepartureView.swift */ = {isa = PBXFileReference; lastKnownFileType = sourcecode.swift; path = DepartureView.swift; sourceTree = "<group>"; };
		D040EC2629EEEB85002DFEBF /* LocationManager.swift */ = {isa = PBXFileReference; lastKnownFileType = sourcecode.swift; path = LocationManager.swift; sourceTree = "<group>"; };
		D040EC2829EEEC2B002DFEBF /* Info.plist */ = {isa = PBXFileReference; lastKnownFileType = text.plist; path = Info.plist; sourceTree = "<group>"; };
		D040EC2929EEF92C002DFEBF /* Haltestellenmonitor1-DD.entitlements */ = {isa = PBXFileReference; lastKnownFileType = text.plist.entitlements; path = "Haltestellenmonitor1-DD.entitlements"; sourceTree = "<group>"; };
		D040EC2A29EEFA3E002DFEBF /* FavoriteStop.swift */ = {isa = PBXFileReference; lastKnownFileType = sourcecode.swift; path = FavoriteStop.swift; sourceTree = "<group>"; };
		D040EC2D29EF0371002DFEBF /* StopManager.swift */ = {isa = PBXFileReference; lastKnownFileType = sourcecode.swift; path = StopManager.swift; sourceTree = "<group>"; };
		D0BD664929EFDD50004E574C /* WidgetKit.framework */ = {isa = PBXFileReference; lastKnownFileType = wrapper.framework; name = WidgetKit.framework; path = System/Library/Frameworks/WidgetKit.framework; sourceTree = SDKROOT; };
		D0BD664B29EFDD50004E574C /* SwiftUI.framework */ = {isa = PBXFileReference; lastKnownFileType = wrapper.framework; name = SwiftUI.framework; path = System/Library/Frameworks/SwiftUI.framework; sourceTree = SDKROOT; };
		D0BD668329EFE0AA004E574C /* MonitorWidgetExtension.appex */ = {isa = PBXFileReference; explicitFileType = "wrapper.app-extension"; includeInIndex = 0; path = MonitorWidgetExtension.appex; sourceTree = BUILT_PRODUCTS_DIR; };
		D0BD668729EFE0AA004E574C /* MonitorWidgetBundle.swift */ = {isa = PBXFileReference; lastKnownFileType = sourcecode.swift; path = MonitorWidgetBundle.swift; sourceTree = "<group>"; };
		D0BD668929EFE0AA004E574C /* MonitorWidgetLiveActivity.swift */ = {isa = PBXFileReference; lastKnownFileType = sourcecode.swift; path = MonitorWidgetLiveActivity.swift; sourceTree = "<group>"; };
		D0BD668B29EFE0AA004E574C /* MonitorWidget.swift */ = {isa = PBXFileReference; lastKnownFileType = sourcecode.swift; path = MonitorWidget.swift; sourceTree = "<group>"; };
		D0BD668E29EFE0AB004E574C /* Assets.xcassets */ = {isa = PBXFileReference; lastKnownFileType = folder.assetcatalog; path = Assets.xcassets; sourceTree = "<group>"; };
		D0BD669029EFE0AB004E574C /* Info.plist */ = {isa = PBXFileReference; lastKnownFileType = text.plist.xml; path = Info.plist; sourceTree = "<group>"; };
		D0BD669A29EFE18C004E574C /* MonitorWidgetEntryView.swift */ = {isa = PBXFileReference; lastKnownFileType = sourcecode.swift; path = MonitorWidgetEntryView.swift; sourceTree = "<group>"; };
		D0BD66A929EFECF1004E574C /* MonitorIntents.appex */ = {isa = PBXFileReference; explicitFileType = "wrapper.app-extension"; includeInIndex = 0; path = MonitorIntents.appex; sourceTree = BUILT_PRODUCTS_DIR; };
		D0BD66AA29EFECF1004E574C /* Intents.framework */ = {isa = PBXFileReference; lastKnownFileType = wrapper.framework; name = Intents.framework; path = System/Library/Frameworks/Intents.framework; sourceTree = SDKROOT; };
		D0BD66AD29EFECF1004E574C /* IntentHandler.swift */ = {isa = PBXFileReference; lastKnownFileType = sourcecode.swift; path = IntentHandler.swift; sourceTree = "<group>"; };
		D0BD66AF29EFECF1004E574C /* Info.plist */ = {isa = PBXFileReference; lastKnownFileType = text.plist.xml; path = Info.plist; sourceTree = "<group>"; };
		D0BD66C929EFF64D004E574C /* MonitorEntry.swift */ = {isa = PBXFileReference; lastKnownFileType = sourcecode.swift; path = MonitorEntry.swift; sourceTree = "<group>"; };
		D0BD66CD29EFFAFF004E574C /* MonitorWidgetRow.swift */ = {isa = PBXFileReference; lastKnownFileType = sourcecode.swift; path = MonitorWidgetRow.swift; sourceTree = "<group>"; };
		D0BD66D129F01B99004E574C /* ConnectionView.swift */ = {isa = PBXFileReference; lastKnownFileType = sourcecode.swift; path = ConnectionView.swift; sourceTree = "<group>"; };
		D0BD66D329F02576004E574C /* ConnectionFilter.swift */ = {isa = PBXFileReference; lastKnownFileType = sourcecode.swift; path = ConnectionFilter.swift; sourceTree = "<group>"; };
		D0BD66D529F026D7004E574C /* ConnectionStopSelectionView.swift */ = {isa = PBXFileReference; lastKnownFileType = sourcecode.swift; path = ConnectionStopSelectionView.swift; sourceTree = "<group>"; };
		D0BD66D729F02C39004E574C /* TripRequest.swift */ = {isa = PBXFileReference; lastKnownFileType = sourcecode.swift; path = TripRequest.swift; sourceTree = "<group>"; };
		D0BD66D929F03056004E574C /* Trip.swift */ = {isa = PBXFileReference; lastKnownFileType = sourcecode.swift; path = Trip.swift; sourceTree = "<group>"; };
		D0BD66DB29F030BD004E574C /* Route.swift */ = {isa = PBXFileReference; lastKnownFileType = sourcecode.swift; path = Route.swift; sourceTree = "<group>"; };
		D0BD66DD29F03446004E574C /* PartialRoute.swift */ = {isa = PBXFileReference; lastKnownFileType = sourcecode.swift; path = PartialRoute.swift; sourceTree = "<group>"; };
		D0BD66DF29F034AC004E574C /* RegularStop.swift */ = {isa = PBXFileReference; lastKnownFileType = sourcecode.swift; path = RegularStop.swift; sourceTree = "<group>"; };
		D0BD66E129F03949004E574C /* Mot.swift */ = {isa = PBXFileReference; lastKnownFileType = sourcecode.swift; path = Mot.swift; sourceTree = "<group>"; };
		D0BD66E329F03BE5004E574C /* trip.json */ = {isa = PBXFileReference; fileEncoding = 4; lastKnownFileType = text.json; path = trip.json; sourceTree = "<group>"; };
		D0BD66F629F03ED2004E574C /* TripSection.swift */ = {isa = PBXFileReference; lastKnownFileType = sourcecode.swift; path = TripSection.swift; sourceTree = "<group>"; };
		D0BD66F929F04593004E574C /* PartialRouteRow.swift */ = {isa = PBXFileReference; lastKnownFileType = sourcecode.swift; path = PartialRouteRow.swift; sourceTree = "<group>"; };
		D0BD66FE29F04D28004E574C /* de */ = {isa = PBXFileReference; lastKnownFileType = file.intentdefinition; name = de; path = de.lproj/MonitorWidget.intentdefinition; sourceTree = "<group>"; };
		D0C1ECAF29F28014001D214D /* singleTrip.json */ = {isa = PBXFileReference; fileEncoding = 4; lastKnownFileType = text.json; path = singleTrip.json; sourceTree = "<group>"; };
		D0C1ECB329F28032001D214D /* TripStop.swift */ = {isa = PBXFileReference; lastKnownFileType = sourcecode.swift; path = TripStop.swift; sourceTree = "<group>"; };
		D0C1ECB729F28135001D214D /* SingleTrip.swift */ = {isa = PBXFileReference; lastKnownFileType = sourcecode.swift; path = SingleTrip.swift; sourceTree = "<group>"; };
		D0C1ECBB29F2823E001D214D /* SingleTripView.swift */ = {isa = PBXFileReference; lastKnownFileType = sourcecode.swift; path = SingleTripView.swift; sourceTree = "<group>"; };
		D0C1ECBF29F283DE001D214D /* SingleTripRow.swift */ = {isa = PBXFileReference; lastKnownFileType = sourcecode.swift; path = SingleTripRow.swift; sourceTree = "<group>"; };
		D0C1ECC329F288D3001D214D /* SingleTripRequest.swift */ = {isa = PBXFileReference; lastKnownFileType = sourcecode.swift; path = SingleTripRequest.swift; sourceTree = "<group>"; };
		D0C1ECC729F28C2F001D214D /* TripAttributes.swift */ = {isa = PBXFileReference; lastKnownFileType = sourcecode.swift; path = TripAttributes.swift; sourceTree = "<group>"; };
		D0C1ECCB29F2B165001D214D /* ActivityRequest.swift */ = {isa = PBXFileReference; lastKnownFileType = sourcecode.swift; path = ActivityRequest.swift; sourceTree = "<group>"; };
		D0C1ECCF29F2B6C0001D214D /* PushTokenHistory.swift */ = {isa = PBXFileReference; lastKnownFileType = sourcecode.swift; path = PushTokenHistory.swift; sourceTree = "<group>"; };
		D0C1ECD329F2EF9B001D214D /* DepartureFilter.swift */ = {isa = PBXFileReference; lastKnownFileType = sourcecode.swift; path = DepartureFilter.swift; sourceTree = "<group>"; };
		D0C1ECD729F2F071001D214D /* DepartureDisclosureSection.swift */ = {isa = PBXFileReference; lastKnownFileType = sourcecode.swift; path = DepartureDisclosureSection.swift; sourceTree = "<group>"; };
		D0C1ECD929F2FA50001D214D /* TripStandardSettings.swift */ = {isa = PBXFileReference; lastKnownFileType = sourcecode.swift; path = TripStandardSettings.swift; sourceTree = "<group>"; };
		D0C1ECDD29F3008B001D214D /* RegularStopRow.swift */ = {isa = PBXFileReference; lastKnownFileType = sourcecode.swift; path = RegularStopRow.swift; sourceTree = "<group>"; };
		D0C1ECDF29F325CC001D214D /* MapView.swift */ = {isa = PBXFileReference; lastKnownFileType = sourcecode.swift; path = MapView.swift; sourceTree = "<group>"; };
		D0C1ECE329F333F9001D214D /* ActivityKit.framework */ = {isa = PBXFileReference; lastKnownFileType = wrapper.framework; name = ActivityKit.framework; path = System/Library/Frameworks/ActivityKit.framework; sourceTree = SDKROOT; };
/* End PBXFileReference section */

/* Begin PBXFrameworksBuildPhase section */
		D03A267C29EEB6C9005B0600 /* Frameworks */ = {
			isa = PBXFrameworksBuildPhase;
			buildActionMask = 2147483647;
			files = (
				D0C1ECE429F333F9001D214D /* ActivityKit.framework in Frameworks */,
			);
			runOnlyForDeploymentPostprocessing = 0;
		};
		D0BD668029EFE0AA004E574C /* Frameworks */ = {
			isa = PBXFrameworksBuildPhase;
			buildActionMask = 2147483647;
			files = (
				D0BD668529EFE0AA004E574C /* SwiftUI.framework in Frameworks */,
				D0BD668429EFE0AA004E574C /* WidgetKit.framework in Frameworks */,
			);
			runOnlyForDeploymentPostprocessing = 0;
		};
		D0BD66A629EFECF1004E574C /* Frameworks */ = {
			isa = PBXFrameworksBuildPhase;
			buildActionMask = 2147483647;
			files = (
				D0BD66AB29EFECF1004E574C /* Intents.framework in Frameworks */,
			);
			runOnlyForDeploymentPostprocessing = 0;
		};
/* End PBXFrameworksBuildPhase section */

/* Begin PBXGroup section */
		D03A267629EEB6C9005B0600 = {
			isa = PBXGroup;
			children = (
				D03A269029EEB921005B0600 /* Data */,
				D03A268129EEB6C9005B0600 /* Haltestellenmonitor1-DD */,
				D0BD668629EFE0AA004E574C /* MonitorWidget */,
				D0BD66AC29EFECF1004E574C /* MonitorIntents */,
				D0BD664829EFDD50004E574C /* Frameworks */,
				D03A268029EEB6C9005B0600 /* Products */,
			);
			sourceTree = "<group>";
		};
		D03A268029EEB6C9005B0600 /* Products */ = {
			isa = PBXGroup;
			children = (
				D03A267F29EEB6C9005B0600 /* Haltestellenmonitor1-DD.app */,
				D0BD668329EFE0AA004E574C /* MonitorWidgetExtension.appex */,
				D0BD66A929EFECF1004E574C /* MonitorIntents.appex */,
			);
			name = Products;
			sourceTree = "<group>";
		};
		D03A268129EEB6C9005B0600 /* Haltestellenmonitor1-DD */ = {
			isa = PBXGroup;
			children = (
				D040EC2929EEF92C002DFEBF /* Haltestellenmonitor1-DD.entitlements */,
				D040EC2829EEEC2B002DFEBF /* Info.plist */,
				D040EC2529EEEB7B002DFEBF /* Managers */,
				D040EC2029EED766002DFEBF /* Helper */,
				D03A269729EEBA87005B0600 /* Models */,
				D03A269329EEB976005B0600 /* Views */,
				D03A268229EEB6C9005B0600 /* Haltestellenmonitor1_DDApp.swift */,
				D03A268429EEB6C9005B0600 /* ContentView.swift */,
				D03A268629EEB6C9005B0600 /* Assets.xcassets */,
				D03A268829EEB6C9005B0600 /* Preview Content */,
			);
			path = "Haltestellenmonitor1-DD";
			sourceTree = "<group>";
		};
		D03A268829EEB6C9005B0600 /* Preview Content */ = {
			isa = PBXGroup;
			children = (
				D03A268929EEB6C9005B0600 /* Preview Assets.xcassets */,
			);
			path = "Preview Content";
			sourceTree = "<group>";
		};
		D03A269029EEB921005B0600 /* Data */ = {
			isa = PBXGroup;
			children = (
				D0C1ECAF29F28014001D214D /* singleTrip.json */,
				D0BD66E329F03BE5004E574C /* trip.json */,
				D03A26A129EEC2A2005B0600 /* departure.json */,
				D03A269129EEB93E005B0600 /* stops.json */,
			);
			path = Data;
			sourceTree = "<group>";
		};
		D03A269329EEB976005B0600 /* Views */ = {
			isa = PBXGroup;
			children = (
				D0BD66F529F03EC8004E574C /* Sections */,
				D03A269429EEB98E005B0600 /* Rows */,
				D03A269D29EEBC3F005B0600 /* StopsView.swift */,
				D040EC2329EEDE3C002DFEBF /* DepartureView.swift */,
				D0BD66D129F01B99004E574C /* ConnectionView.swift */,
				D0BD66D529F026D7004E574C /* ConnectionStopSelectionView.swift */,
				D0C1ECBB29F2823E001D214D /* SingleTripView.swift */,
				D0C1ECDF29F325CC001D214D /* MapView.swift */,
			);
			path = Views;
			sourceTree = "<group>";
		};
		D03A269429EEB98E005B0600 /* Rows */ = {
			isa = PBXGroup;
			children = (
				D03A269529EEB9A7005B0600 /* StopRow.swift */,
				D03A269F29EEC248005B0600 /* DepartureRow.swift */,
				D0BD66F929F04593004E574C /* PartialRouteRow.swift */,
				D0C1ECBF29F283DE001D214D /* SingleTripRow.swift */,
				D0C1ECDD29F3008B001D214D /* RegularStopRow.swift */,
			);
			path = Rows;
			sourceTree = "<group>";
		};
		D03A269729EEBA87005B0600 /* Models */ = {
			isa = PBXGroup;
			children = (
				D03A269B29EEBB3C005B0600 /* StopData.swift */,
				D03A269829EEBA9B005B0600 /* Stop.swift */,
				D040EC1629EECA20002DFEBF /* DepartureMonitor.swift */,
				D040EC1829EECA9A002DFEBF /* DepartureStatus.swift */,
				D040EC1A29EECAF2002DFEBF /* Departure.swift */,
				D040EC1C29EECB20002DFEBF /* DeparturePlatform.swift */,
				D040EC1E29EECDFB002DFEBF /* DepartureRequest.swift */,
				D040EC2A29EEFA3E002DFEBF /* FavoriteStop.swift */,
				D0BD66D329F02576004E574C /* ConnectionFilter.swift */,
				D0BD66D729F02C39004E574C /* TripRequest.swift */,
				D0BD66D929F03056004E574C /* Trip.swift */,
				D0BD66DB29F030BD004E574C /* Route.swift */,
				D0BD66DD29F03446004E574C /* PartialRoute.swift */,
				D0BD66DF29F034AC004E574C /* RegularStop.swift */,
				D0BD66E129F03949004E574C /* Mot.swift */,
				D0C1ECB329F28032001D214D /* TripStop.swift */,
				D0C1ECB729F28135001D214D /* SingleTrip.swift */,
				D0C1ECC329F288D3001D214D /* SingleTripRequest.swift */,
				D0C1ECCB29F2B165001D214D /* ActivityRequest.swift */,
				D0C1ECCF29F2B6C0001D214D /* PushTokenHistory.swift */,
				D0C1ECD329F2EF9B001D214D /* DepartureFilter.swift */,
				D0C1ECD929F2FA50001D214D /* TripStandardSettings.swift */,
			);
			path = Models;
			sourceTree = "<group>";
		};
		D040EC2029EED766002DFEBF /* Helper */ = {
			isa = PBXGroup;
			children = (
				D040EC2129EED774002DFEBF /* DateParser.swift */,
			);
			path = Helper;
			sourceTree = "<group>";
		};
		D040EC2529EEEB7B002DFEBF /* Managers */ = {
			isa = PBXGroup;
			children = (
				D040EC2629EEEB85002DFEBF /* LocationManager.swift */,
				D040EC2D29EF0371002DFEBF /* StopManager.swift */,
			);
			path = Managers;
			sourceTree = "<group>";
		};
		D0BD664829EFDD50004E574C /* Frameworks */ = {
			isa = PBXGroup;
			children = (
				D0C1ECE329F333F9001D214D /* ActivityKit.framework */,
				D0BD664929EFDD50004E574C /* WidgetKit.framework */,
				D0BD664B29EFDD50004E574C /* SwiftUI.framework */,
				D0BD66AA29EFECF1004E574C /* Intents.framework */,
			);
			name = Frameworks;
			sourceTree = "<group>";
		};
		D0BD668629EFE0AA004E574C /* MonitorWidget */ = {
			isa = PBXGroup;
			children = (
				D0BD66C629EFF621004E574C /* Models */,
				D0BD669929EFE169004E574C /* Views */,
				D0BD668729EFE0AA004E574C /* MonitorWidgetBundle.swift */,
				D0BD668929EFE0AA004E574C /* MonitorWidgetLiveActivity.swift */,
				D0BD668B29EFE0AA004E574C /* MonitorWidget.swift */,
				D0BD66FF29F04D28004E574C /* MonitorWidget.intentdefinition */,
				D0BD668E29EFE0AB004E574C /* Assets.xcassets */,
				D0BD669029EFE0AB004E574C /* Info.plist */,
			);
			path = MonitorWidget;
			sourceTree = "<group>";
		};
		D0BD669929EFE169004E574C /* Views */ = {
			isa = PBXGroup;
			children = (
				D0BD66CC29EFFAEB004E574C /* Rows */,
				D0BD669A29EFE18C004E574C /* MonitorWidgetEntryView.swift */,
			);
			path = Views;
			sourceTree = "<group>";
		};
		D0BD66AC29EFECF1004E574C /* MonitorIntents */ = {
			isa = PBXGroup;
			children = (
				D0BD66AD29EFECF1004E574C /* IntentHandler.swift */,
				D0BD66AF29EFECF1004E574C /* Info.plist */,
			);
			path = MonitorIntents;
			sourceTree = "<group>";
		};
		D0BD66C629EFF621004E574C /* Models */ = {
			isa = PBXGroup;
			children = (
				D0BD66C929EFF64D004E574C /* MonitorEntry.swift */,
				D0C1ECC729F28C2F001D214D /* TripAttributes.swift */,
			);
			path = Models;
			sourceTree = "<group>";
		};
		D0BD66CC29EFFAEB004E574C /* Rows */ = {
			isa = PBXGroup;
			children = (
				D0BD66CD29EFFAFF004E574C /* MonitorWidgetRow.swift */,
			);
			path = Rows;
			sourceTree = "<group>";
		};
		D0BD66F529F03EC8004E574C /* Sections */ = {
			isa = PBXGroup;
			children = (
				D0BD66F629F03ED2004E574C /* TripSection.swift */,
				D0C1ECD729F2F071001D214D /* DepartureDisclosureSection.swift */,
			);
			path = Sections;
			sourceTree = "<group>";
		};
/* End PBXGroup section */

/* Begin PBXNativeTarget section */
		D03A267E29EEB6C9005B0600 /* Haltestellenmonitor1-DD */ = {
			isa = PBXNativeTarget;
			buildConfigurationList = D03A268D29EEB6C9005B0600 /* Build configuration list for PBXNativeTarget "Haltestellenmonitor1-DD" */;
			buildPhases = (
				D03A267B29EEB6C9005B0600 /* Sources */,
				D03A267C29EEB6C9005B0600 /* Frameworks */,
				D03A267D29EEB6C9005B0600 /* Resources */,
				D0BD665D29EFDD51004E574C /* Embed Foundation Extensions */,
			);
			buildRules = (
			);
			dependencies = (
				D0BD669429EFE0AB004E574C /* PBXTargetDependency */,
				D0BD66B129EFECF1004E574C /* PBXTargetDependency */,
			);
			name = "Haltestellenmonitor1-DD";
			productName = "Haltestellenmonitor1-DD";
			productReference = D03A267F29EEB6C9005B0600 /* Haltestellenmonitor1-DD.app */;
			productType = "com.apple.product-type.application";
		};
		D0BD668229EFE0AA004E574C /* MonitorWidgetExtension */ = {
			isa = PBXNativeTarget;
			buildConfigurationList = D0BD669629EFE0AB004E574C /* Build configuration list for PBXNativeTarget "MonitorWidgetExtension" */;
			buildPhases = (
				D0BD667F29EFE0AA004E574C /* Sources */,
				D0BD668029EFE0AA004E574C /* Frameworks */,
				D0BD668129EFE0AA004E574C /* Resources */,
			);
			buildRules = (
			);
			dependencies = (
			);
			name = MonitorWidgetExtension;
			productName = MonitorWidgetExtension;
			productReference = D0BD668329EFE0AA004E574C /* MonitorWidgetExtension.appex */;
			productType = "com.apple.product-type.app-extension";
		};
		D0BD66A829EFECF1004E574C /* MonitorIntents */ = {
			isa = PBXNativeTarget;
			buildConfigurationList = D0BD66B329EFECF2004E574C /* Build configuration list for PBXNativeTarget "MonitorIntents" */;
			buildPhases = (
				D0BD66A529EFECF1004E574C /* Sources */,
				D0BD66A629EFECF1004E574C /* Frameworks */,
				D0BD66A729EFECF1004E574C /* Resources */,
			);
			buildRules = (
			);
			dependencies = (
			);
			name = MonitorIntents;
			productName = MonitorIntents;
			productReference = D0BD66A929EFECF1004E574C /* MonitorIntents.appex */;
			productType = "com.apple.product-type.app-extension";
		};
/* End PBXNativeTarget section */

/* Begin PBXProject section */
		D03A267729EEB6C9005B0600 /* Project object */ = {
			isa = PBXProject;
			attributes = {
				BuildIndependentTargetsInParallel = 1;
				LastSwiftUpdateCheck = 1430;
				LastUpgradeCheck = 1430;
				TargetAttributes = {
					D03A267E29EEB6C9005B0600 = {
						CreatedOnToolsVersion = 14.3;
					};
					D0BD668229EFE0AA004E574C = {
						CreatedOnToolsVersion = 14.3;
					};
					D0BD66A829EFECF1004E574C = {
						CreatedOnToolsVersion = 14.3;
					};
				};
			};
			buildConfigurationList = D03A267A29EEB6C9005B0600 /* Build configuration list for PBXProject "Haltestellenmonitor1-DD" */;
			compatibilityVersion = "Xcode 14.0";
			developmentRegion = de;
			hasScannedForEncodings = 0;
			knownRegions = (
				Base,
				de,
			);
			mainGroup = D03A267629EEB6C9005B0600;
			productRefGroup = D03A268029EEB6C9005B0600 /* Products */;
			projectDirPath = "";
			projectRoot = "";
			targets = (
				D03A267E29EEB6C9005B0600 /* Haltestellenmonitor1-DD */,
				D0BD668229EFE0AA004E574C /* MonitorWidgetExtension */,
				D0BD66A829EFECF1004E574C /* MonitorIntents */,
			);
		};
/* End PBXProject section */

/* Begin PBXResourcesBuildPhase section */
		D03A267D29EEB6C9005B0600 /* Resources */ = {
			isa = PBXResourcesBuildPhase;
			buildActionMask = 2147483647;
			files = (
				D03A268A29EEB6C9005B0600 /* Preview Assets.xcassets in Resources */,
				D03A268729EEB6C9005B0600 /* Assets.xcassets in Resources */,
				D0BD66E429F03BE6004E574C /* trip.json in Resources */,
				D03A26A229EEC2A2005B0600 /* departure.json in Resources */,
				D0C1ECB029F28014001D214D /* singleTrip.json in Resources */,
				D03A269229EEB93E005B0600 /* stops.json in Resources */,
			);
			runOnlyForDeploymentPostprocessing = 0;
		};
		D0BD668129EFE0AA004E574C /* Resources */ = {
			isa = PBXResourcesBuildPhase;
			buildActionMask = 2147483647;
			files = (
				D0BD66E529F03BE9004E574C /* trip.json in Resources */,
				D0BD668F29EFE0AB004E574C /* Assets.xcassets in Resources */,
				D0C1ECB129F28014001D214D /* singleTrip.json in Resources */,
				D0BD669C29EFE9F9004E574C /* stops.json in Resources */,
				D0BD669F29EFEA06004E574C /* departure.json in Resources */,
			);
			runOnlyForDeploymentPostprocessing = 0;
		};
		D0BD66A729EFECF1004E574C /* Resources */ = {
			isa = PBXResourcesBuildPhase;
			buildActionMask = 2147483647;
			files = (
				D0BD66E629F03BEA004E574C /* trip.json in Resources */,
				D0C1ECB229F28014001D214D /* singleTrip.json in Resources */,
				D0BD66B829EFEEB9004E574C /* stops.json in Resources */,
			);
			runOnlyForDeploymentPostprocessing = 0;
		};
/* End PBXResourcesBuildPhase section */

/* Begin PBXSourcesBuildPhase section */
		D03A267B29EEB6C9005B0600 /* Sources */ = {
			isa = PBXSourcesBuildPhase;
			buildActionMask = 2147483647;
			files = (
				D040EC1929EECA9A002DFEBF /* DepartureStatus.swift in Sources */,
				D03A269C29EEBB3C005B0600 /* StopData.swift in Sources */,
				D0BD66D829F02C39004E574C /* TripRequest.swift in Sources */,
				D040EC2E29EF0371002DFEBF /* StopManager.swift in Sources */,
				D0BD66DA29F03056004E574C /* Trip.swift in Sources */,
				D040EC2729EEEB85002DFEBF /* LocationManager.swift in Sources */,
				D0C1ECDA29F2FA50001D214D /* TripStandardSettings.swift in Sources */,
				D0C1ECE029F325CC001D214D /* MapView.swift in Sources */,
				D0C1ECCC29F2B165001D214D /* ActivityRequest.swift in Sources */,
				D040EC2B29EEFA3E002DFEBF /* FavoriteStop.swift in Sources */,
				D0C1ECD429F2EF9B001D214D /* DepartureFilter.swift in Sources */,
				D0BD66FB29F04D28004E574C /* MonitorWidget.intentdefinition in Sources */,
				D0C1ECC829F28C2F001D214D /* TripAttributes.swift in Sources */,
				D0BD66DE29F03446004E574C /* PartialRoute.swift in Sources */,
				D03A268529EEB6C9005B0600 /* ContentView.swift in Sources */,
				D0BD66E029F034AC004E574C /* RegularStop.swift in Sources */,
				D0C1ECBC29F2823E001D214D /* SingleTripView.swift in Sources */,
				D03A269E29EEBC3F005B0600 /* StopsView.swift in Sources */,
				D040EC1B29EECAF2002DFEBF /* Departure.swift in Sources */,
				D0C1ECC029F283DE001D214D /* SingleTripRow.swift in Sources */,
				D03A269629EEB9A7005B0600 /* StopRow.swift in Sources */,
				D040EC1F29EECDFB002DFEBF /* DepartureRequest.swift in Sources */,
				D040EC2229EED774002DFEBF /* DateParser.swift in Sources */,
				D0C1ECDE29F3008B001D214D /* RegularStopRow.swift in Sources */,
				D0BD66D629F026D7004E574C /* ConnectionStopSelectionView.swift in Sources */,
				D0BD66D229F01B99004E574C /* ConnectionView.swift in Sources */,
				D0C1ECB429F28032001D214D /* TripStop.swift in Sources */,
				D0BD66E229F03949004E574C /* Mot.swift in Sources */,
				D040EC1729EECA20002DFEBF /* DepartureMonitor.swift in Sources */,
				D0C1ECD829F2F071001D214D /* DepartureDisclosureSection.swift in Sources */,
				D0C1ECD029F2B6C0001D214D /* PushTokenHistory.swift in Sources */,
				D03A26A029EEC248005B0600 /* DepartureRow.swift in Sources */,
				D0BD66FA29F04593004E574C /* PartialRouteRow.swift in Sources */,
				D03A268329EEB6C9005B0600 /* Haltestellenmonitor1_DDApp.swift in Sources */,
				D0C1ECC429F288D3001D214D /* SingleTripRequest.swift in Sources */,
				D040EC1D29EECB20002DFEBF /* DeparturePlatform.swift in Sources */,
				D03A269929EEBA9B005B0600 /* Stop.swift in Sources */,
				D0BD66F729F03ED2004E574C /* TripSection.swift in Sources */,
				D0BD66DC29F030BD004E574C /* Route.swift in Sources */,
				D040EC2429EEDE3C002DFEBF /* DepartureView.swift in Sources */,
				D0BD66D429F02576004E574C /* ConnectionFilter.swift in Sources */,
				D0C1ECB829F28135001D214D /* SingleTrip.swift in Sources */,
			);
			runOnlyForDeploymentPostprocessing = 0;
		};
		D0BD667F29EFE0AA004E574C /* Sources */ = {
			isa = PBXSourcesBuildPhase;
			buildActionMask = 2147483647;
			files = (
				D0BD66EB29F03C06004E574C /* Trip.swift in Sources */,
				D0C1ECC929F28C2F001D214D /* TripAttributes.swift in Sources */,
				D0BD66EF29F03C0D004E574C /* PartialRoute.swift in Sources */,
				D0BD66A129EFEA0D004E574C /* DepartureStatus.swift in Sources */,
				D0BD669E29EFEA03004E574C /* Stop.swift in Sources */,
				D0BD66C229EFEF0F004E574C /* DateParser.swift in Sources */,
				D0BD668829EFE0AA004E574C /* MonitorWidgetBundle.swift in Sources */,
				D0BD669D29EFEA00004E574C /* StopData.swift in Sources */,
				D0BD66CE29EFFAFF004E574C /* MonitorWidgetRow.swift in Sources */,
				D0C1ECC529F288D3001D214D /* SingleTripRequest.swift in Sources */,
				D0C1ECB929F28135001D214D /* SingleTrip.swift in Sources */,
				D0C1ECB529F28032001D214D /* TripStop.swift in Sources */,
				D0BD66A229EFEA0F004E574C /* Departure.swift in Sources */,
				D0C1ECCD29F2B165001D214D /* ActivityRequest.swift in Sources */,
				D0BD668A29EFE0AA004E574C /* MonitorWidgetLiveActivity.swift in Sources */,
				D0BD66CF29EFFFC4004E574C /* FavoriteStop.swift in Sources */,
				D0C1ECD529F2EF9B001D214D /* DepartureFilter.swift in Sources */,
				D0BD66B629EFECF8004E574C /* IntentHandler.swift in Sources */,
				D0BD66F329F03C14004E574C /* Mot.swift in Sources */,
				D0BD66E929F03C04004E574C /* TripRequest.swift in Sources */,
				D0BD66ED29F03C0A004E574C /* Route.swift in Sources */,
				D0BD66A429EFEA14004E574C /* DepartureRequest.swift in Sources */,
				D0C1ECDB29F2FB3C001D214D /* TripStandardSettings.swift in Sources */,
				D0BD66E729F03C01004E574C /* ConnectionFilter.swift in Sources */,
				D0BD66CA29EFF64D004E574C /* MonitorEntry.swift in Sources */,
				D0BD668C29EFE0AA004E574C /* MonitorWidget.swift in Sources */,
				D0C1ECD129F2B6C0001D214D /* PushTokenHistory.swift in Sources */,
				D0BD66A029EFEA0A004E574C /* DepartureMonitor.swift in Sources */,
				D0BD66F129F03C11004E574C /* RegularStop.swift in Sources */,
				D0BD669B29EFE18C004E574C /* MonitorWidgetEntryView.swift in Sources */,
				D0BD66A329EFEA12004E574C /* DeparturePlatform.swift in Sources */,
				D0BD66FC29F04D28004E574C /* MonitorWidget.intentdefinition in Sources */,
			);
			runOnlyForDeploymentPostprocessing = 0;
		};
		D0BD66A529EFECF1004E574C /* Sources */ = {
			isa = PBXSourcesBuildPhase;
			buildActionMask = 2147483647;
			files = (
				D0C1ECCE29F2B165001D214D /* ActivityRequest.swift in Sources */,
				D0BD66F429F03C15004E574C /* Mot.swift in Sources */,
				D0BD66D029EFFFC5004E574C /* FavoriteStop.swift in Sources */,
				D0BD66BE29EFEEDF004E574C /* DeparturePlatform.swift in Sources */,
				D0C1ECCA29F28C2F001D214D /* TripAttributes.swift in Sources */,
				D0BD66BD29EFEEDD004E574C /* Departure.swift in Sources */,
				D0C1ECBA29F28135001D214D /* SingleTrip.swift in Sources */,
				D0BD66EE29F03C0A004E574C /* Route.swift in Sources */,
				D0BD66AE29EFECF1004E574C /* IntentHandler.swift in Sources */,
				D0C1ECD629F2EF9B001D214D /* DepartureFilter.swift in Sources */,
				D0BD66BB29EFEED8004E574C /* DepartureMonitor.swift in Sources */,
				D0BD66B929EFEEC0004E574C /* StopData.swift in Sources */,
				D0C1ECB629F28032001D214D /* TripStop.swift in Sources */,
				D0C1ECD229F2B6C0001D214D /* PushTokenHistory.swift in Sources */,
				D0BD66FD29F04D28004E574C /* MonitorWidget.intentdefinition in Sources */,
				D0BD66EA29F03C04004E574C /* TripRequest.swift in Sources */,
				D0BD66F029F03C0D004E574C /* PartialRoute.swift in Sources */,
				D0BD66BA29EFEEC2004E574C /* Stop.swift in Sources */,
				D0C1ECDC29F2FB3C001D214D /* TripStandardSettings.swift in Sources */,
				D0BD66F229F03C12004E574C /* RegularStop.swift in Sources */,
				D0BD66BF29EFEEE1004E574C /* DepartureRequest.swift in Sources */,
				D0BD66C129EFEF0D004E574C /* DateParser.swift in Sources */,
				D0C1ECC629F288D3001D214D /* SingleTripRequest.swift in Sources */,
				D0BD66BC29EFEEDB004E574C /* DepartureStatus.swift in Sources */,
				D0BD66EC29F03C07004E574C /* Trip.swift in Sources */,
				D0BD66E829F03C01004E574C /* ConnectionFilter.swift in Sources */,
			);
			runOnlyForDeploymentPostprocessing = 0;
		};
/* End PBXSourcesBuildPhase section */

/* Begin PBXTargetDependency section */
		D0BD669429EFE0AB004E574C /* PBXTargetDependency */ = {
			isa = PBXTargetDependency;
			target = D0BD668229EFE0AA004E574C /* MonitorWidgetExtension */;
			targetProxy = D0BD669329EFE0AB004E574C /* PBXContainerItemProxy */;
		};
		D0BD66B129EFECF1004E574C /* PBXTargetDependency */ = {
			isa = PBXTargetDependency;
			target = D0BD66A829EFECF1004E574C /* MonitorIntents */;
			targetProxy = D0BD66B029EFECF1004E574C /* PBXContainerItemProxy */;
		};
/* End PBXTargetDependency section */

/* Begin PBXVariantGroup section */
		D0BD66FF29F04D28004E574C /* MonitorWidget.intentdefinition */ = {
			isa = PBXVariantGroup;
			children = (
				D0BD66FE29F04D28004E574C /* de */,
			);
			name = MonitorWidget.intentdefinition;
			sourceTree = "<group>";
		};
/* End PBXVariantGroup section */

/* Begin XCBuildConfiguration section */
		D03A268B29EEB6C9005B0600 /* Debug */ = {
			isa = XCBuildConfiguration;
			buildSettings = {
				ALWAYS_SEARCH_USER_PATHS = NO;
				CLANG_ANALYZER_NONNULL = YES;
				CLANG_ANALYZER_NUMBER_OBJECT_CONVERSION = YES_AGGRESSIVE;
				CLANG_CXX_LANGUAGE_STANDARD = "gnu++20";
				CLANG_ENABLE_MODULES = YES;
				CLANG_ENABLE_OBJC_ARC = YES;
				CLANG_ENABLE_OBJC_WEAK = YES;
				CLANG_WARN_BLOCK_CAPTURE_AUTORELEASING = YES;
				CLANG_WARN_BOOL_CONVERSION = YES;
				CLANG_WARN_COMMA = YES;
				CLANG_WARN_CONSTANT_CONVERSION = YES;
				CLANG_WARN_DEPRECATED_OBJC_IMPLEMENTATIONS = YES;
				CLANG_WARN_DIRECT_OBJC_ISA_USAGE = YES_ERROR;
				CLANG_WARN_DOCUMENTATION_COMMENTS = YES;
				CLANG_WARN_EMPTY_BODY = YES;
				CLANG_WARN_ENUM_CONVERSION = YES;
				CLANG_WARN_INFINITE_RECURSION = YES;
				CLANG_WARN_INT_CONVERSION = YES;
				CLANG_WARN_NON_LITERAL_NULL_CONVERSION = YES;
				CLANG_WARN_OBJC_IMPLICIT_RETAIN_SELF = YES;
				CLANG_WARN_OBJC_LITERAL_CONVERSION = YES;
				CLANG_WARN_OBJC_ROOT_CLASS = YES_ERROR;
				CLANG_WARN_QUOTED_INCLUDE_IN_FRAMEWORK_HEADER = YES;
				CLANG_WARN_RANGE_LOOP_ANALYSIS = YES;
				CLANG_WARN_STRICT_PROTOTYPES = YES;
				CLANG_WARN_SUSPICIOUS_MOVE = YES;
				CLANG_WARN_UNGUARDED_AVAILABILITY = YES_AGGRESSIVE;
				CLANG_WARN_UNREACHABLE_CODE = YES;
				CLANG_WARN__DUPLICATE_METHOD_MATCH = YES;
				COPY_PHASE_STRIP = NO;
				DEBUG_INFORMATION_FORMAT = dwarf;
				ENABLE_STRICT_OBJC_MSGSEND = YES;
				ENABLE_TESTABILITY = YES;
				GCC_C_LANGUAGE_STANDARD = gnu11;
				GCC_DYNAMIC_NO_PIC = NO;
				GCC_NO_COMMON_BLOCKS = YES;
				GCC_OPTIMIZATION_LEVEL = 0;
				GCC_PREPROCESSOR_DEFINITIONS = (
					"DEBUG=1",
					"$(inherited)",
				);
				GCC_WARN_64_TO_32_BIT_CONVERSION = YES;
				GCC_WARN_ABOUT_RETURN_TYPE = YES_ERROR;
				GCC_WARN_UNDECLARED_SELECTOR = YES;
				GCC_WARN_UNINITIALIZED_AUTOS = YES_AGGRESSIVE;
				GCC_WARN_UNUSED_FUNCTION = YES;
				GCC_WARN_UNUSED_VARIABLE = YES;
				IPHONEOS_DEPLOYMENT_TARGET = 16.4;
				MTL_ENABLE_DEBUG_INFO = INCLUDE_SOURCE;
				MTL_FAST_MATH = YES;
				ONLY_ACTIVE_ARCH = YES;
				SDKROOT = iphoneos;
				SWIFT_ACTIVE_COMPILATION_CONDITIONS = DEBUG;
				SWIFT_OPTIMIZATION_LEVEL = "-Onone";
			};
			name = Debug;
		};
		D03A268C29EEB6C9005B0600 /* Release */ = {
			isa = XCBuildConfiguration;
			buildSettings = {
				ALWAYS_SEARCH_USER_PATHS = NO;
				CLANG_ANALYZER_NONNULL = YES;
				CLANG_ANALYZER_NUMBER_OBJECT_CONVERSION = YES_AGGRESSIVE;
				CLANG_CXX_LANGUAGE_STANDARD = "gnu++20";
				CLANG_ENABLE_MODULES = YES;
				CLANG_ENABLE_OBJC_ARC = YES;
				CLANG_ENABLE_OBJC_WEAK = YES;
				CLANG_WARN_BLOCK_CAPTURE_AUTORELEASING = YES;
				CLANG_WARN_BOOL_CONVERSION = YES;
				CLANG_WARN_COMMA = YES;
				CLANG_WARN_CONSTANT_CONVERSION = YES;
				CLANG_WARN_DEPRECATED_OBJC_IMPLEMENTATIONS = YES;
				CLANG_WARN_DIRECT_OBJC_ISA_USAGE = YES_ERROR;
				CLANG_WARN_DOCUMENTATION_COMMENTS = YES;
				CLANG_WARN_EMPTY_BODY = YES;
				CLANG_WARN_ENUM_CONVERSION = YES;
				CLANG_WARN_INFINITE_RECURSION = YES;
				CLANG_WARN_INT_CONVERSION = YES;
				CLANG_WARN_NON_LITERAL_NULL_CONVERSION = YES;
				CLANG_WARN_OBJC_IMPLICIT_RETAIN_SELF = YES;
				CLANG_WARN_OBJC_LITERAL_CONVERSION = YES;
				CLANG_WARN_OBJC_ROOT_CLASS = YES_ERROR;
				CLANG_WARN_QUOTED_INCLUDE_IN_FRAMEWORK_HEADER = YES;
				CLANG_WARN_RANGE_LOOP_ANALYSIS = YES;
				CLANG_WARN_STRICT_PROTOTYPES = YES;
				CLANG_WARN_SUSPICIOUS_MOVE = YES;
				CLANG_WARN_UNGUARDED_AVAILABILITY = YES_AGGRESSIVE;
				CLANG_WARN_UNREACHABLE_CODE = YES;
				CLANG_WARN__DUPLICATE_METHOD_MATCH = YES;
				COPY_PHASE_STRIP = NO;
				DEBUG_INFORMATION_FORMAT = "dwarf-with-dsym";
				ENABLE_NS_ASSERTIONS = NO;
				ENABLE_STRICT_OBJC_MSGSEND = YES;
				GCC_C_LANGUAGE_STANDARD = gnu11;
				GCC_NO_COMMON_BLOCKS = YES;
				GCC_WARN_64_TO_32_BIT_CONVERSION = YES;
				GCC_WARN_ABOUT_RETURN_TYPE = YES_ERROR;
				GCC_WARN_UNDECLARED_SELECTOR = YES;
				GCC_WARN_UNINITIALIZED_AUTOS = YES_AGGRESSIVE;
				GCC_WARN_UNUSED_FUNCTION = YES;
				GCC_WARN_UNUSED_VARIABLE = YES;
				IPHONEOS_DEPLOYMENT_TARGET = 16.4;
				MTL_ENABLE_DEBUG_INFO = NO;
				MTL_FAST_MATH = YES;
				SDKROOT = iphoneos;
				SWIFT_COMPILATION_MODE = wholemodule;
				SWIFT_OPTIMIZATION_LEVEL = "-O";
				VALIDATE_PRODUCT = YES;
			};
			name = Release;
		};
		D03A268E29EEB6C9005B0600 /* Debug */ = {
			isa = XCBuildConfiguration;
			buildSettings = {
				ALWAYS_EMBED_SWIFT_STANDARD_LIBRARIES = YES;
				ASSETCATALOG_COMPILER_APPICON_NAME = AppIcon;
				ASSETCATALOG_COMPILER_GLOBAL_ACCENT_COLOR_NAME = AccentColor;
				CODE_SIGN_ENTITLEMENTS = "Haltestellenmonitor1-DD/Haltestellenmonitor1-DD.entitlements";
				CODE_SIGN_STYLE = Automatic;
				CURRENT_PROJECT_VERSION = 4;
				DEVELOPMENT_ASSET_PATHS = "\"Haltestellenmonitor1-DD/Preview Content\"";
				DEVELOPMENT_TEAM = WGL37RNHJ6;
				ENABLE_PREVIEWS = YES;
				GENERATE_INFOPLIST_FILE = YES;
				INFOPLIST_FILE = "Haltestellenmonitor1-DD/Info.plist";
				INFOPLIST_KEY_CFBundleDisplayName = "Haltestellenmonitor Dresden";
				INFOPLIST_KEY_LSApplicationCategoryType = "public.app-category.travel";
				INFOPLIST_KEY_NSLocationWhenInUseUsageDescription = "Der Standort wird verwendet um den Abstand zur nächsten Haltestelle zu berechnen.";
				INFOPLIST_KEY_NSSupportsLiveActivities = YES;
				INFOPLIST_KEY_NSSupportsLiveActivitiesFrequentUpdates = YES;
				INFOPLIST_KEY_UIApplicationSceneManifest_Generation = YES;
				INFOPLIST_KEY_UIApplicationSupportsIndirectInputEvents = YES;
				INFOPLIST_KEY_UILaunchScreen_Generation = YES;
				INFOPLIST_KEY_UISupportedInterfaceOrientations_iPad = "UIInterfaceOrientationPortrait UIInterfaceOrientationPortraitUpsideDown UIInterfaceOrientationLandscapeLeft UIInterfaceOrientationLandscapeRight";
				INFOPLIST_KEY_UISupportedInterfaceOrientations_iPhone = "UIInterfaceOrientationPortrait UIInterfaceOrientationLandscapeLeft UIInterfaceOrientationLandscapeRight";
				LD_RUNPATH_SEARCH_PATHS = (
					"$(inherited)",
					"@executable_path/Frameworks",
				);
				MARKETING_VERSION = 2.0;
				PRODUCT_BUNDLE_IDENTIFIER = "eu.Hanashi.Haltestellenmonitor1-DD";
				PRODUCT_NAME = "$(TARGET_NAME)";
				SWIFT_EMIT_LOC_STRINGS = YES;
				SWIFT_VERSION = 5.0;
				TARGETED_DEVICE_FAMILY = "1,2";
			};
			name = Debug;
		};
		D03A268F29EEB6C9005B0600 /* Release */ = {
			isa = XCBuildConfiguration;
			buildSettings = {
				ALWAYS_EMBED_SWIFT_STANDARD_LIBRARIES = YES;
				ASSETCATALOG_COMPILER_APPICON_NAME = AppIcon;
				ASSETCATALOG_COMPILER_GLOBAL_ACCENT_COLOR_NAME = AccentColor;
				CODE_SIGN_ENTITLEMENTS = "Haltestellenmonitor1-DD/Haltestellenmonitor1-DD.entitlements";
				CODE_SIGN_STYLE = Automatic;
				CURRENT_PROJECT_VERSION = 4;
				DEVELOPMENT_ASSET_PATHS = "\"Haltestellenmonitor1-DD/Preview Content\"";
				DEVELOPMENT_TEAM = WGL37RNHJ6;
				ENABLE_PREVIEWS = YES;
				GENERATE_INFOPLIST_FILE = YES;
				INFOPLIST_FILE = "Haltestellenmonitor1-DD/Info.plist";
				INFOPLIST_KEY_CFBundleDisplayName = "Haltestellenmonitor Dresden";
				INFOPLIST_KEY_LSApplicationCategoryType = "public.app-category.travel";
				INFOPLIST_KEY_NSLocationWhenInUseUsageDescription = "Der Standort wird verwendet um den Abstand zur nächsten Haltestelle zu berechnen.";
				INFOPLIST_KEY_NSSupportsLiveActivities = YES;
				INFOPLIST_KEY_NSSupportsLiveActivitiesFrequentUpdates = YES;
				INFOPLIST_KEY_UIApplicationSceneManifest_Generation = YES;
				INFOPLIST_KEY_UIApplicationSupportsIndirectInputEvents = YES;
				INFOPLIST_KEY_UILaunchScreen_Generation = YES;
				INFOPLIST_KEY_UISupportedInterfaceOrientations_iPad = "UIInterfaceOrientationPortrait UIInterfaceOrientationPortraitUpsideDown UIInterfaceOrientationLandscapeLeft UIInterfaceOrientationLandscapeRight";
				INFOPLIST_KEY_UISupportedInterfaceOrientations_iPhone = "UIInterfaceOrientationPortrait UIInterfaceOrientationLandscapeLeft UIInterfaceOrientationLandscapeRight";
				LD_RUNPATH_SEARCH_PATHS = (
					"$(inherited)",
					"@executable_path/Frameworks",
				);
				MARKETING_VERSION = 2.0;
				PRODUCT_BUNDLE_IDENTIFIER = "eu.Hanashi.Haltestellenmonitor1-DD";
				PRODUCT_NAME = "$(TARGET_NAME)";
				SWIFT_EMIT_LOC_STRINGS = YES;
				SWIFT_VERSION = 5.0;
				TARGETED_DEVICE_FAMILY = "1,2";
			};
			name = Release;
		};
		D0BD669729EFE0AB004E574C /* Debug */ = {
			isa = XCBuildConfiguration;
			buildSettings = {
				ASSETCATALOG_COMPILER_GLOBAL_ACCENT_COLOR_NAME = AccentColor;
				ASSETCATALOG_COMPILER_WIDGET_BACKGROUND_COLOR_NAME = WidgetBackground;
				CODE_SIGN_STYLE = Automatic;
				CURRENT_PROJECT_VERSION = 4;
				DEVELOPMENT_TEAM = WGL37RNHJ6;
				GENERATE_INFOPLIST_FILE = YES;
				INFOPLIST_FILE = MonitorWidget/Info.plist;
				INFOPLIST_KEY_CFBundleDisplayName = MonitorWidget;
				INFOPLIST_KEY_NSHumanReadableCopyright = "";
				INFOPLIST_KEY_NSLocationWhenInUseUsageDescription = "Der Standort wird verwendet um den Abstand zur nächsten Haltestelle zu berechnen.";
				LD_RUNPATH_SEARCH_PATHS = (
					"$(inherited)",
					"@executable_path/Frameworks",
					"@executable_path/../../Frameworks",
				);
				MARKETING_VERSION = 2.0;
				PRODUCT_BUNDLE_IDENTIFIER = "eu.Hanashi.Haltestellenmonitor1-DD.MonitorWidget";
				PRODUCT_NAME = "$(TARGET_NAME)";
				SKIP_INSTALL = YES;
				SWIFT_EMIT_LOC_STRINGS = YES;
				SWIFT_VERSION = 5.0;
				TARGETED_DEVICE_FAMILY = "1,2";
			};
			name = Debug;
		};
		D0BD669829EFE0AB004E574C /* Release */ = {
			isa = XCBuildConfiguration;
			buildSettings = {
				ASSETCATALOG_COMPILER_GLOBAL_ACCENT_COLOR_NAME = AccentColor;
				ASSETCATALOG_COMPILER_WIDGET_BACKGROUND_COLOR_NAME = WidgetBackground;
				CODE_SIGN_STYLE = Automatic;
				CURRENT_PROJECT_VERSION = 4;
				DEVELOPMENT_TEAM = WGL37RNHJ6;
				GENERATE_INFOPLIST_FILE = YES;
				INFOPLIST_FILE = MonitorWidget/Info.plist;
				INFOPLIST_KEY_CFBundleDisplayName = MonitorWidget;
				INFOPLIST_KEY_NSHumanReadableCopyright = "";
				INFOPLIST_KEY_NSLocationWhenInUseUsageDescription = "Der Standort wird verwendet um den Abstand zur nächsten Haltestelle zu berechnen.";
				LD_RUNPATH_SEARCH_PATHS = (
					"$(inherited)",
					"@executable_path/Frameworks",
					"@executable_path/../../Frameworks",
				);
				MARKETING_VERSION = 2.0;
				PRODUCT_BUNDLE_IDENTIFIER = "eu.Hanashi.Haltestellenmonitor1-DD.MonitorWidget";
				PRODUCT_NAME = "$(TARGET_NAME)";
				SKIP_INSTALL = YES;
				SWIFT_EMIT_LOC_STRINGS = YES;
				SWIFT_VERSION = 5.0;
				TARGETED_DEVICE_FAMILY = "1,2";
			};
			name = Release;
		};
		D0BD66B429EFECF2004E574C /* Debug */ = {
			isa = XCBuildConfiguration;
			buildSettings = {
				CODE_SIGN_STYLE = Automatic;
				CURRENT_PROJECT_VERSION = 4;
				DEVELOPMENT_TEAM = WGL37RNHJ6;
				GENERATE_INFOPLIST_FILE = YES;
				INFOPLIST_FILE = MonitorIntents/Info.plist;
				INFOPLIST_KEY_CFBundleDisplayName = MonitorIntents;
				INFOPLIST_KEY_NSHumanReadableCopyright = "";
				INFOPLIST_KEY_NSLocationWhenInUseUsageDescription = "Der Standort wird verwendet um den Abstand zur nächsten Haltestelle zu berechnen.";
				LD_RUNPATH_SEARCH_PATHS = (
					"$(inherited)",
					"@executable_path/Frameworks",
					"@executable_path/../../Frameworks",
				);
				MARKETING_VERSION = 2.0;
				PRODUCT_BUNDLE_IDENTIFIER = "eu.Hanashi.Haltestellenmonitor1-DD.MonitorIntents";
				PRODUCT_NAME = "$(TARGET_NAME)";
				SKIP_INSTALL = YES;
				SWIFT_EMIT_LOC_STRINGS = YES;
				SWIFT_VERSION = 5.0;
				TARGETED_DEVICE_FAMILY = "1,2";
			};
			name = Debug;
		};
		D0BD66B529EFECF2004E574C /* Release */ = {
			isa = XCBuildConfiguration;
			buildSettings = {
				CODE_SIGN_STYLE = Automatic;
				CURRENT_PROJECT_VERSION = 4;
				DEVELOPMENT_TEAM = WGL37RNHJ6;
				GENERATE_INFOPLIST_FILE = YES;
				INFOPLIST_FILE = MonitorIntents/Info.plist;
				INFOPLIST_KEY_CFBundleDisplayName = MonitorIntents;
				INFOPLIST_KEY_NSHumanReadableCopyright = "";
				INFOPLIST_KEY_NSLocationWhenInUseUsageDescription = "Der Standort wird verwendet um den Abstand zur nächsten Haltestelle zu berechnen.";
				LD_RUNPATH_SEARCH_PATHS = (
					"$(inherited)",
					"@executable_path/Frameworks",
					"@executable_path/../../Frameworks",
				);
				MARKETING_VERSION = 2.0;
				PRODUCT_BUNDLE_IDENTIFIER = "eu.Hanashi.Haltestellenmonitor1-DD.MonitorIntents";
				PRODUCT_NAME = "$(TARGET_NAME)";
				SKIP_INSTALL = YES;
				SWIFT_EMIT_LOC_STRINGS = YES;
				SWIFT_VERSION = 5.0;
				TARGETED_DEVICE_FAMILY = "1,2";
			};
			name = Release;
		};
/* End XCBuildConfiguration section */

/* Begin XCConfigurationList section */
		D03A267A29EEB6C9005B0600 /* Build configuration list for PBXProject "Haltestellenmonitor1-DD" */ = {
			isa = XCConfigurationList;
			buildConfigurations = (
				D03A268B29EEB6C9005B0600 /* Debug */,
				D03A268C29EEB6C9005B0600 /* Release */,
			);
			defaultConfigurationIsVisible = 0;
			defaultConfigurationName = Release;
		};
		D03A268D29EEB6C9005B0600 /* Build configuration list for PBXNativeTarget "Haltestellenmonitor1-DD" */ = {
			isa = XCConfigurationList;
			buildConfigurations = (
				D03A268E29EEB6C9005B0600 /* Debug */,
				D03A268F29EEB6C9005B0600 /* Release */,
			);
			defaultConfigurationIsVisible = 0;
			defaultConfigurationName = Release;
		};
		D0BD669629EFE0AB004E574C /* Build configuration list for PBXNativeTarget "MonitorWidgetExtension" */ = {
			isa = XCConfigurationList;
			buildConfigurations = (
				D0BD669729EFE0AB004E574C /* Debug */,
				D0BD669829EFE0AB004E574C /* Release */,
			);
			defaultConfigurationIsVisible = 0;
			defaultConfigurationName = Release;
		};
		D0BD66B329EFECF2004E574C /* Build configuration list for PBXNativeTarget "MonitorIntents" */ = {
			isa = XCConfigurationList;
			buildConfigurations = (
				D0BD66B429EFECF2004E574C /* Debug */,
				D0BD66B529EFECF2004E574C /* Release */,
			);
			defaultConfigurationIsVisible = 0;
			defaultConfigurationName = Release;
		};
/* End XCConfigurationList section */
	};
	rootObject = D03A267729EEB6C9005B0600 /* Project object */;
}
